
Microsoft Visual Studio Solution File, Format Version 12.00
# Visual Studio Version 17
VisualStudioVersion = 17.2.32602.215
MinimumVisualStudioVersion = 10.0.40219.1
Project("{FAE04EC0-301F-11D3-BF4B-00C04F79EFBC}") = "MyWebApiApp", "MyWebApiApp\MyWebApiApp.csproj", "{1D87DF06-9848-4E1C-B5D6-3FA14ADC44B5}"
EndProject
Global
	GlobalSection(SolutionConfigurationPlatforms) = preSolution
		Debug|Any CPU = Debug|Any CPU
		Release|Any CPU = Release|Any CPU
	EndGlobalSection
	GlobalSection(ProjectConfigurationPlatforms) = postSolution
		{1D87DF06-9848-4E1C-B5D6-3FA14ADC44B5}.Debug|Any CPU.ActiveCfg = Debug|Any CPU
		{1D87DF06-9848-4E1C-B5D6-3FA14ADC44B5}.Debug|Any CPU.Build.0 = Debug|Any CPU
		{1D87DF06-9848-4E1C-B5D6-3FA14ADC44B5}.Release|Any CPU.ActiveCfg = Release|Any CPU
		{1D87DF06-9848-4E1C-B5D6-3FA14ADC44B5}.Release|Any CPU.Build.0 = Release|Any CPU
	EndGlobalSection
	GlobalSection(SolutionProperties) = preSolution
		HideSolutionNode = FALSE
	EndGlobalSection
	GlobalSection(ExtensibilityGlobals) = postSolution
		SolutionGuid = {FD85A858-351B-435F-8D51-7C609599FE4E}
	EndGlobalSection
EndGlobal
